
Microsoft Visual Studio Solution File, Format Version 12.00
# Visual Studio Version 17
VisualStudioVersion = 17.7.34003.232
MinimumVisualStudioVersion = 10.0.40219.1
Project("{FAE04EC0-301F-11D3-BF4B-00C04F79EFBC}") = "Bai6", "Bai6\Bai6.csproj", "{CAD3A62F-70F2-48C4-A661-25D64EE3AD2A}"
EndProject
Global
	GlobalSection(SolutionConfigurationPlatforms) = preSolution
		Debug|Any CPU = Debug|Any CPU
		Release|Any CPU = Release|Any CPU
	EndGlobalSection
	GlobalSection(ProjectConfigurationPlatforms) = postSolution
		{CAD3A62F-70F2-48C4-A661-25D64EE3AD2A}.Debug|Any CPU.ActiveCfg = Debug|Any CPU
		{CAD3A62F-70F2-48C4-A661-25D64EE3AD2A}.Debug|Any CPU.Build.0 = Debug|Any CPU
		{CAD3A62F-70F2-48C4-A661-25D64EE3AD2A}.Release|Any CPU.ActiveCfg = Release|Any CPU
		{CAD3A62F-70F2-48C4-A661-25D64EE3AD2A}.Release|Any CPU.Build.0 = Release|Any CPU
	EndGlobalSection
	GlobalSection(SolutionProperties) = preSolution
		HideSolutionNode = FALSE
	EndGlobalSection
	GlobalSection(ExtensibilityGlobals) = postSolution
		SolutionGuid = {D38A3218-F547-4B04-ACB6-5C9766BE48B8}
	EndGlobalSection
EndGlobal
