
Microsoft Visual Studio Solution File, Format Version 12.00
# Visual Studio Version 17
VisualStudioVersion = 17.7.34003.232
MinimumVisualStudioVersion = 10.0.40219.1
Project("{FAE04EC0-301F-11D3-BF4B-00C04F79EFBC}") = "Bai5", "Bai5\Bai5.csproj", "{B1A97EF8-20B5-4461-A192-E9155FAC4253}"
EndProject
Global
	GlobalSection(SolutionConfigurationPlatforms) = preSolution
		Debug|Any CPU = Debug|Any CPU
		Release|Any CPU = Release|Any CPU
	EndGlobalSection
	GlobalSection(ProjectConfigurationPlatforms) = postSolution
		{B1A97EF8-20B5-4461-A192-E9155FAC4253}.Debug|Any CPU.ActiveCfg = Debug|Any CPU
		{B1A97EF8-20B5-4461-A192-E9155FAC4253}.Debug|Any CPU.Build.0 = Debug|Any CPU
		{B1A97EF8-20B5-4461-A192-E9155FAC4253}.Release|Any CPU.ActiveCfg = Release|Any CPU
		{B1A97EF8-20B5-4461-A192-E9155FAC4253}.Release|Any CPU.Build.0 = Release|Any CPU
	EndGlobalSection
	GlobalSection(SolutionProperties) = preSolution
		HideSolutionNode = FALSE
	EndGlobalSection
	GlobalSection(ExtensibilityGlobals) = postSolution
		SolutionGuid = {FAAEFF98-98BA-4A0F-B384-1D2B4285F23D}
	EndGlobalSection
EndGlobal
