
Microsoft Visual Studio Solution File, Format Version 12.00
# Visual Studio Version 17
VisualStudioVersion = 17.6.33829.357
MinimumVisualStudioVersion = 10.0.40219.1
Project("{9A19103F-16F7-4668-BE54-9A1E7A4F7556}") = "Question1", "Question1\Question1.csproj", "{753FAD64-DBFA-4827-92C3-75FCBEAEE188}"
EndProject
Project("{FAE04EC0-301F-11D3-BF4B-00C04F79EFBC}") = "Question2", "Question2\Question2.csproj", "{4BF843AF-A37D-4189-919A-7D3261F305F4}"
EndProject
Global
	GlobalSection(SolutionConfigurationPlatforms) = preSolution
		Debug|Any CPU = Debug|Any CPU
		Release|Any CPU = Release|Any CPU
	EndGlobalSection
	GlobalSection(ProjectConfigurationPlatforms) = postSolution
		{753FAD64-DBFA-4827-92C3-75FCBEAEE188}.Debug|Any CPU.ActiveCfg = Debug|Any CPU
		{753FAD64-DBFA-4827-92C3-75FCBEAEE188}.Debug|Any CPU.Build.0 = Debug|Any CPU
		{753FAD64-DBFA-4827-92C3-75FCBEAEE188}.Release|Any CPU.ActiveCfg = Release|Any CPU
		{753FAD64-DBFA-4827-92C3-75FCBEAEE188}.Release|Any CPU.Build.0 = Release|Any CPU
		{4BF843AF-A37D-4189-919A-7D3261F305F4}.Debug|Any CPU.ActiveCfg = Debug|Any CPU
		{4BF843AF-A37D-4189-919A-7D3261F305F4}.Debug|Any CPU.Build.0 = Debug|Any CPU
		{4BF843AF-A37D-4189-919A-7D3261F305F4}.Release|Any CPU.ActiveCfg = Release|Any CPU
		{4BF843AF-A37D-4189-919A-7D3261F305F4}.Release|Any CPU.Build.0 = Release|Any CPU
	EndGlobalSection
	GlobalSection(SolutionProperties) = preSolution
		HideSolutionNode = FALSE
	EndGlobalSection
	GlobalSection(ExtensibilityGlobals) = postSolution
		SolutionGuid = {B44D9FFF-4407-43A3-93E2-6B348783D7B3}
	EndGlobalSection
EndGlobal
