
Microsoft Visual Studio Solution File, Format Version 12.00
# Visual Studio Version 17
VisualStudioVersion = 17.7.34003.232
MinimumVisualStudioVersion = 10.0.40219.1
Project("{FAE04EC0-301F-11D3-BF4B-00C04F79EFBC}") = "Bai1_HelloWorld", "Bai1_HelloWorld\Bai1_HelloWorld.csproj", "{967BCB9D-2BD6-4C4D-BCD4-51E074EC5ED2}"
EndProject
Global
	GlobalSection(SolutionConfigurationPlatforms) = preSolution
		Debug|Any CPU = Debug|Any CPU
		Release|Any CPU = Release|Any CPU
	EndGlobalSection
	GlobalSection(ProjectConfigurationPlatforms) = postSolution
		{967BCB9D-2BD6-4C4D-BCD4-51E074EC5ED2}.Debug|Any CPU.ActiveCfg = Debug|Any CPU
		{967BCB9D-2BD6-4C4D-BCD4-51E074EC5ED2}.Debug|Any CPU.Build.0 = Debug|Any CPU
		{967BCB9D-2BD6-4C4D-BCD4-51E074EC5ED2}.Release|Any CPU.ActiveCfg = Release|Any CPU
		{967BCB9D-2BD6-4C4D-BCD4-51E074EC5ED2}.Release|Any CPU.Build.0 = Release|Any CPU
	EndGlobalSection
	GlobalSection(SolutionProperties) = preSolution
		HideSolutionNode = FALSE
	EndGlobalSection
	GlobalSection(ExtensibilityGlobals) = postSolution
		SolutionGuid = {C833DD98-E7BD-45C9-8597-6439446B4BF0}
	EndGlobalSection
EndGlobal
