
Microsoft Visual Studio Solution File, Format Version 12.00
# Visual Studio Version 17
VisualStudioVersion = 17.5.33627.172
MinimumVisualStudioVersion = 10.0.40219.1
Project("{FAE04EC0-301F-11D3-BF4B-00C04F79EFBC}") = "Bai2", "Bai2\Bai2.csproj", "{F57EBA14-EEE2-4A3E-8F80-0124FE871D56}"
EndProject
Global
	GlobalSection(SolutionConfigurationPlatforms) = preSolution
		Debug|Any CPU = Debug|Any CPU
		Release|Any CPU = Release|Any CPU
	EndGlobalSection
	GlobalSection(ProjectConfigurationPlatforms) = postSolution
		{F57EBA14-EEE2-4A3E-8F80-0124FE871D56}.Debug|Any CPU.ActiveCfg = Debug|Any CPU
		{F57EBA14-EEE2-4A3E-8F80-0124FE871D56}.Debug|Any CPU.Build.0 = Debug|Any CPU
		{F57EBA14-EEE2-4A3E-8F80-0124FE871D56}.Release|Any CPU.ActiveCfg = Release|Any CPU
		{F57EBA14-EEE2-4A3E-8F80-0124FE871D56}.Release|Any CPU.Build.0 = Release|Any CPU
	EndGlobalSection
	GlobalSection(SolutionProperties) = preSolution
		HideSolutionNode = FALSE
	EndGlobalSection
	GlobalSection(ExtensibilityGlobals) = postSolution
		SolutionGuid = {A653483C-65B7-4320-A36A-C917BBE91349}
	EndGlobalSection
EndGlobal
